
Microsoft Visual Studio Solution File, Format Version 12.00
# Visual Studio Version 17
VisualStudioVersion = 17.14.36717.8
MinimumVisualStudioVersion = 10.0.40219.1
Project("{FAE04EC0-301F-11D3-BF4B-00C04F79EFBC}") = "BarberBooking.WebApi", "BarberBooking.WebApi\BarberBooking.WebApi.csproj", "{E64C453E-862A-4481-8114-2DBFB1DE91EB}"
EndProject
Project("{FAE04EC0-301F-11D3-BF4B-00C04F79EFBC}") = "BarberBooking.Domain", "BarberBooking.Domain\BarberBooking.Domain.csproj", "{8CE7DA37-5064-4182-A977-E237D63D13E4}"
EndProject
Project("{FAE04EC0-301F-11D3-BF4B-00C04F79EFBC}") = "BarberBooking.Infrastructure", "BarberBooking.Infrastructure\BarberBooking.Infrastructure.csproj", "{7F41268E-C4B2-4EF5-A0D1-853646D1D3DD}"
EndProject
Project("{FAE04EC0-301F-11D3-BF4B-00C04F79EFBC}") = "BarberBooking.Application", "BarberBooking.Application\BarberBooking.Application.csproj", "{1FDE8F79-ED2A-4D8F-B120-10361EA99BBC}"
EndProject
Project("{FAE04EC0-301F-11D3-BF4B-00C04F79EFBC}") = "BarberBooking.IntegrationTests", "BarberBooking.IntegrationTests\BarberBooking.IntegrationTests.csproj", "{9E11217D-520F-4937-BFF0-DD599B113CFB}"
EndProject
Global
	GlobalSection(SolutionConfigurationPlatforms) = preSolution
		Debug|Any CPU = Debug|Any CPU
		Debug|x64 = Debug|x64
		Debug|x86 = Debug|x86
		Release|Any CPU = Release|Any CPU
		Release|x64 = Release|x64
		Release|x86 = Release|x86
	EndGlobalSection
	GlobalSection(ProjectConfigurationPlatforms) = postSolution
		{E64C453E-862A-4481-8114-2DBFB1DE91EB}.Debug|Any CPU.ActiveCfg = Debug|Any CPU
		{E64C453E-862A-4481-8114-2DBFB1DE91EB}.Debug|Any CPU.Build.0 = Debug|Any CPU
		{E64C453E-862A-4481-8114-2DBFB1DE91EB}.Debug|x64.ActiveCfg = Debug|Any CPU
		{E64C453E-862A-4481-8114-2DBFB1DE91EB}.Debug|x64.Build.0 = Debug|Any CPU
		{E64C453E-862A-4481-8114-2DBFB1DE91EB}.Debug|x86.ActiveCfg = Debug|Any CPU
		{E64C453E-862A-4481-8114-2DBFB1DE91EB}.Debug|x86.Build.0 = Debug|Any CPU
		{E64C453E-862A-4481-8114-2DBFB1DE91EB}.Release|Any CPU.ActiveCfg = Release|Any CPU
		{E64C453E-862A-4481-8114-2DBFB1DE91EB}.Release|Any CPU.Build.0 = Release|Any CPU
		{E64C453E-862A-4481-8114-2DBFB1DE91EB}.Release|x64.ActiveCfg = Release|Any CPU
		{E64C453E-862A-4481-8114-2DBFB1DE91EB}.Release|x64.Build.0 = Release|Any CPU
		{E64C453E-862A-4481-8114-2DBFB1DE91EB}.Release|x86.ActiveCfg = Release|Any CPU
		{E64C453E-862A-4481-8114-2DBFB1DE91EB}.Release|x86.Build.0 = Release|Any CPU
		{8CE7DA37-5064-4182-A977-E237D63D13E4}.Debug|Any CPU.ActiveCfg = Debug|Any CPU
		{8CE7DA37-5064-4182-A977-E237D63D13E4}.Debug|Any CPU.Build.0 = Debug|Any CPU
		{8CE7DA37-5064-4182-A977-E237D63D13E4}.Debug|x64.ActiveCfg = Debug|Any CPU
		{8CE7DA37-5064-4182-A977-E237D63D13E4}.Debug|x64.Build.0 = Debug|Any CPU
		{8CE7DA37-5064-4182-A977-E237D63D13E4}.Debug|x86.ActiveCfg = Debug|Any CPU
		{8CE7DA37-5064-4182-A977-E237D63D13E4}.Debug|x86.Build.0 = Debug|Any CPU
		{8CE7DA37-5064-4182-A977-E237D63D13E4}.Release|Any CPU.ActiveCfg = Release|Any CPU
		{8CE7DA37-5064-4182-A977-E237D63D13E4}.Release|Any CPU.Build.0 = Release|Any CPU
		{8CE7DA37-5064-4182-A977-E237D63D13E4}.Release|x64.ActiveCfg = Release|Any CPU
		{8CE7DA37-5064-4182-A977-E237D63D13E4}.Release|x64.Build.0 = Release|Any CPU
		{8CE7DA37-5064-4182-A977-E237D63D13E4}.Release|x86.ActiveCfg = Release|Any CPU
		{8CE7DA37-5064-4182-A977-E237D63D13E4}.Release|x86.Build.0 = Release|Any CPU
		{7F41268E-C4B2-4EF5-A0D1-853646D1D3DD}.Debug|Any CPU.ActiveCfg = Debug|Any CPU
		{7F41268E-C4B2-4EF5-A0D1-853646D1D3DD}.Debug|Any CPU.Build.0 = Debug|Any CPU
		{7F41268E-C4B2-4EF5-A0D1-853646D1D3DD}.Debug|x64.ActiveCfg = Debug|Any CPU
		{7F41268E-C4B2-4EF5-A0D1-853646D1D3DD}.Debug|x64.Build.0 = Debug|Any CPU
		{7F41268E-C4B2-4EF5-A0D1-853646D1D3DD}.Debug|x86.ActiveCfg = Debug|Any CPU
		{7F41268E-C4B2-4EF5-A0D1-853646D1D3DD}.Debug|x86.Build.0 = Debug|Any CPU
		{7F41268E-C4B2-4EF5-A0D1-853646D1D3DD}.Release|Any CPU.ActiveCfg = Release|Any CPU
		{7F41268E-C4B2-4EF5-A0D1-853646D1D3DD}.Release|Any CPU.Build.0 = Release|Any CPU
		{7F41268E-C4B2-4EF5-A0D1-853646D1D3DD}.Release|x64.ActiveCfg = Release|Any CPU
		{7F41268E-C4B2-4EF5-A0D1-853646D1D3DD}.Release|x64.Build.0 = Release|Any CPU
		{7F41268E-C4B2-4EF5-A0D1-853646D1D3DD}.Release|x86.ActiveCfg = Release|Any CPU
		{7F41268E-C4B2-4EF5-A0D1-853646D1D3DD}.Release|x86.Build.0 = Release|Any CPU
		{1FDE8F79-ED2A-4D8F-B120-10361EA99BBC}.Debug|Any CPU.ActiveCfg = Debug|Any CPU
		{1FDE8F79-ED2A-4D8F-B120-10361EA99BBC}.Debug|Any CPU.Build.0 = Debug|Any CPU
		{1FDE8F79-ED2A-4D8F-B120-10361EA99BBC}.Debug|x64.ActiveCfg = Debug|Any CPU
		{1FDE8F79-ED2A-4D8F-B120-10361EA99BBC}.Debug|x64.Build.0 = Debug|Any CPU
		{1FDE8F79-ED2A-4D8F-B120-10361EA99BBC}.Debug|x86.ActiveCfg = Debug|Any CPU
		{1FDE8F79-ED2A-4D8F-B120-10361EA99BBC}.Debug|x86.Build.0 = Debug|Any CPU
		{1FDE8F79-ED2A-4D8F-B120-10361EA99BBC}.Release|Any CPU.ActiveCfg = Release|Any CPU
		{1FDE8F79-ED2A-4D8F-B120-10361EA99BBC}.Release|Any CPU.Build.0 = Release|Any CPU
		{1FDE8F79-ED2A-4D8F-B120-10361EA99BBC}.Release|x64.ActiveCfg = Release|Any CPU
		{1FDE8F79-ED2A-4D8F-B120-10361EA99BBC}.Release|x64.Build.0 = Release|Any CPU
		{1FDE8F79-ED2A-4D8F-B120-10361EA99BBC}.Release|x86.ActiveCfg = Release|Any CPU
		{1FDE8F79-ED2A-4D8F-B120-10361EA99BBC}.Release|x86.Build.0 = Release|Any CPU
		{9E11217D-520F-4937-BFF0-DD599B113CFB}.Debug|Any CPU.ActiveCfg = Debug|Any CPU
		{9E11217D-520F-4937-BFF0-DD599B113CFB}.Debug|Any CPU.Build.0 = Debug|Any CPU
		{9E11217D-520F-4937-BFF0-DD599B113CFB}.Debug|x64.ActiveCfg = Debug|Any CPU
		{9E11217D-520F-4937-BFF0-DD599B113CFB}.Debug|x64.Build.0 = Debug|Any CPU
		{9E11217D-520F-4937-BFF0-DD599B113CFB}.Debug|x86.ActiveCfg = Debug|Any CPU
		{9E11217D-520F-4937-BFF0-DD599B113CFB}.Debug|x86.Build.0 = Debug|Any CPU
		{9E11217D-520F-4937-BFF0-DD599B113CFB}.Release|Any CPU.ActiveCfg = Release|Any CPU
		{9E11217D-520F-4937-BFF0-DD599B113CFB}.Release|Any CPU.Build.0 = Release|Any CPU
		{9E11217D-520F-4937-BFF0-DD599B113CFB}.Release|x64.ActiveCfg = Release|Any CPU
		{9E11217D-520F-4937-BFF0-DD599B113CFB}.Release|x64.Build.0 = Release|Any CPU
		{9E11217D-520F-4937-BFF0-DD599B113CFB}.Release|x86.ActiveCfg = Release|Any CPU
		{9E11217D-520F-4937-BFF0-DD599B113CFB}.Release|x86.Build.0 = Release|Any CPU
	EndGlobalSection
	GlobalSection(SolutionProperties) = preSolution
		HideSolutionNode = FALSE
	EndGlobalSection
	GlobalSection(ExtensibilityGlobals) = postSolution
		SolutionGuid = {A4116C8B-1170-4405-B65A-CB3994CD27EC}
	EndGlobalSection
EndGlobal
